
Microsoft Visual Studio Solution File, Format Version 12.00
# Visual Studio Version 17
VisualStudioVersion = 17.7.34221.43
MinimumVisualStudioVersion = 10.0.40219.1
Project("{FAE04EC0-301F-11D3-BF4B-00C04F79EFBC}") = "ExecuteScalar", "ExecuteScalar.csproj", "{19420DDF-4938-4AC7-A757-6096989FED41}"
EndProject
Global
	GlobalSection(SolutionConfigurationPlatforms) = preSolution
		Debug|Any CPU = Debug|Any CPU
		Release|Any CPU = Release|Any CPU
	EndGlobalSection
	GlobalSection(ProjectConfigurationPlatforms) = postSolution
		{19420DDF-4938-4AC7-A757-6096989FED41}.Debug|Any CPU.ActiveCfg = Debug|Any CPU
		{19420DDF-4938-4AC7-A757-6096989FED41}.Debug|Any CPU.Build.0 = Debug|Any CPU
		{19420DDF-4938-4AC7-A757-6096989FED41}.Release|Any CPU.ActiveCfg = Release|Any CPU
		{19420DDF-4938-4AC7-A757-6096989FED41}.Release|Any CPU.Build.0 = Release|Any CPU
	EndGlobalSection
	GlobalSection(SolutionProperties) = preSolution
		HideSolutionNode = FALSE
	EndGlobalSection
	GlobalSection(ExtensibilityGlobals) = postSolution
		SolutionGuid = {6A1625B7-FA4B-4020-B2BA-63C3E14F1334}
	EndGlobalSection
EndGlobal
